
Microsoft Visual Studio Solution File, Format Version 12.00
# Visual Studio Version 17
VisualStudioVersion = 17.10.35122.118
MinimumVisualStudioVersion = 10.0.40219.1
Project("{FAE04EC0-301F-11D3-BF4B-00C04F79EFBC}") = "Sevz", "Sevz\Sevz.csproj", "{6DB8811D-5824-4005-8C3E-4446C18449E4}"
EndProject
Global
	GlobalSection(SolutionConfigurationPlatforms) = preSolution
		Debug|Any CPU = Debug|Any CPU
		Release|Any CPU = Release|Any CPU
	EndGlobalSection
	GlobalSection(ProjectConfigurationPlatforms) = postSolution
		{6DB8811D-5824-4005-8C3E-4446C18449E4}.Debug|Any CPU.ActiveCfg = Debug|Any CPU
		{6DB8811D-5824-4005-8C3E-4446C18449E4}.Debug|Any CPU.Build.0 = Debug|Any CPU
		{6DB8811D-5824-4005-8C3E-4446C18449E4}.Release|Any CPU.ActiveCfg = Release|Any CPU
		{6DB8811D-5824-4005-8C3E-4446C18449E4}.Release|Any CPU.Build.0 = Release|Any CPU
	EndGlobalSection
	GlobalSection(SolutionProperties) = preSolution
		HideSolutionNode = FALSE
	EndGlobalSection
	GlobalSection(ExtensibilityGlobals) = postSolution
		SolutionGuid = {1C41A91C-3067-4A98-8AEF-D72454F73A58}
	EndGlobalSection
EndGlobal
